
Microsoft Visual Studio Solution File, Format Version 12.00
# Visual Studio Version 17
VisualStudioVersion = 17.0.32112.339
MinimumVisualStudioVersion = 10.0.40219.1
Project("{FAE04EC0-301F-11D3-BF4B-00C04F79EFBC}") = "User_Registration_Test", "User_Registration_Test.csproj", "{ADA29EDA-664D-4622-B5A3-3DD3051301A1}"
EndProject
Project("{FAE04EC0-301F-11D3-BF4B-00C04F79EFBC}") = "UserReg_Test", "..\UserReg_Test\UserReg_Test.csproj", "{3DF67F59-1BC3-4ED3-BE00-3C2BF001A5FC}"
EndProject
Global
	GlobalSection(SolutionConfigurationPlatforms) = preSolution
		Debug|Any CPU = Debug|Any CPU
		Release|Any CPU = Release|Any CPU
	EndGlobalSection
	GlobalSection(ProjectConfigurationPlatforms) = postSolution
		{ADA29EDA-664D-4622-B5A3-3DD3051301A1}.Debug|Any CPU.ActiveCfg = Debug|Any CPU
		{ADA29EDA-664D-4622-B5A3-3DD3051301A1}.Debug|Any CPU.Build.0 = Debug|Any CPU
		{ADA29EDA-664D-4622-B5A3-3DD3051301A1}.Release|Any CPU.ActiveCfg = Release|Any CPU
		{ADA29EDA-664D-4622-B5A3-3DD3051301A1}.Release|Any CPU.Build.0 = Release|Any CPU
		{3DF67F59-1BC3-4ED3-BE00-3C2BF001A5FC}.Debug|Any CPU.ActiveCfg = Debug|Any CPU
		{3DF67F59-1BC3-4ED3-BE00-3C2BF001A5FC}.Debug|Any CPU.Build.0 = Debug|Any CPU
		{3DF67F59-1BC3-4ED3-BE00-3C2BF001A5FC}.Release|Any CPU.ActiveCfg = Release|Any CPU
		{3DF67F59-1BC3-4ED3-BE00-3C2BF001A5FC}.Release|Any CPU.Build.0 = Release|Any CPU
	EndGlobalSection
	GlobalSection(SolutionProperties) = preSolution
		HideSolutionNode = FALSE
	EndGlobalSection
	GlobalSection(ExtensibilityGlobals) = postSolution
		SolutionGuid = {C686F888-9818-42EB-9CD0-9A75BB04D05B}
	EndGlobalSection
EndGlobal
